
Microsoft Visual Studio Solution File, Format Version 12.00
Project("{2150E333-8FDC-42A3-9474-1A3956D46DE8}") = "HackerRank", "HackerRank", "{1138BDFC-20D0-47EA-86CE-2CD51CE07B76}"
	ProjectSection(SolutionItems) = preProject
		HackerRank\README.md = HackerRank\README.md
	EndProjectSection
EndProject
Project("{2150E333-8FDC-42A3-9474-1A3956D46DE8}") = "src", "src", "{D193EE27-9EE0-4099-8E75-7CA8846A1520}"
EndProject
Project("{2150E333-8FDC-42A3-9474-1A3956D46DE8}") = "tests", "tests", "{3C53C3B2-8DEF-4859-B9AF-555B0B288304}"
EndProject
Project("{FAE04EC0-301F-11D3-BF4B-00C04F79EFBC}") = "HackerRank.Week1", "HackerRank\src\HackerRank.Week1\HackerRank.Week1.csproj", "{14EA13A5-CAC9-46B5-A837-1D1F01B25754}"
EndProject
Project("{FAE04EC0-301F-11D3-BF4B-00C04F79EFBC}") = "HackerRank.Week2", "HackerRank\src\HackerRank.Week2\HackerRank.Week2.csproj", "{BF7D041D-7F36-4C70-A4DC-E724BC451EED}"
EndProject
Project("{FAE04EC0-301F-11D3-BF4B-00C04F79EFBC}") = "HackerRank.Week2.UnitTests", "HackerRank\tests\HackerRank.Week2.UnitTests\HackerRank.Week2.UnitTests.csproj", "{1164337C-C3B8-4012-B0D1-135855BEB4E1}"
EndProject
Project("{FAE04EC0-301F-11D3-BF4B-00C04F79EFBC}") = "HackerRank.Week1.UnitTests", "HackerRank\tests\HackerRank.Week1.UnitTests\HackerRank.Week1.UnitTests.csproj", "{21BDA420-A1BB-4B53-83F2-C85C0C20836A}"
EndProject
Project("{2150E333-8FDC-42A3-9474-1A3956D46DE8}") = "LeetCode", "LeetCode", "{3F6688CD-E53F-4A37-9F67-7DD24685721A}"
	ProjectSection(SolutionItems) = preProject
		LeetCode\README.md = LeetCode\README.md
	EndProjectSection
EndProject
Project("{2150E333-8FDC-42A3-9474-1A3956D46DE8}") = "src", "src", "{664A6B73-CA26-4404-95D4-7156D30FDC08}"
EndProject
Project("{2150E333-8FDC-42A3-9474-1A3956D46DE8}") = "tests", "tests", "{DF0B03BA-8B2F-4BF6-B0E4-9B785A20AD82}"
EndProject
Project("{FAE04EC0-301F-11D3-BF4B-00C04F79EFBC}") = "LeetCode.Challenges", "LeetCode\src\LeetCode.Challenges\LeetCode.Challenges.csproj", "{ADFD3B0B-344C-4D2B-A00B-E68E1C4DCF02}"
EndProject
Project("{FAE04EC0-301F-11D3-BF4B-00C04F79EFBC}") = "LeetCode.Challenges.UnitTests", "LeetCode\tests\LeetCode.Challenges.UnitTests\LeetCode.Challenges.UnitTests.csproj", "{C718C1D3-8C9C-4556-97D0-036910B96148}"
EndProject
Project("{FAE04EC0-301F-11D3-BF4B-00C04F79EFBC}") = "DailyCodingProblem.Challenges", "DailyCodingProblem\src\DailyCodingProblem.Challenges\DailyCodingProblem.Challenges.csproj", "{39006CDE-833B-4C8D-B4F6-06178DACAD6B}"
EndProject
Project("{2150E333-8FDC-42A3-9474-1A3956D46DE8}") = "DailyCodingProblem", "DailyCodingProblem", "{124839A7-881C-4FB7-B856-33360EF29F90}"
	ProjectSection(SolutionItems) = preProject
		DailyCodingProblem\README.md = DailyCodingProblem\README.md
	EndProjectSection
EndProject
Project("{FAE04EC0-301F-11D3-BF4B-00C04F79EFBC}") = "DailyCodingProblem.Challenges.UnitTests", "DailyCodingProblem\tests\DailyCodingProblem.Challenges.UnitTests\DailyCodingProblem.Challenges.UnitTests.csproj", "{1621213C-29B4-4FD5-AB25-0FDC816929D6}"
EndProject
Project("{FAE04EC0-301F-11D3-BF4B-00C04F79EFBC}") = "LeetCode.Challenges.Benchmark", "LeetCode\tests\LeetCode.Challenges.Benchmark\LeetCode.Challenges.Benchmark.csproj", "{313156CC-B67A-4612-B855-3511FB9ADA2F}"
EndProject
Project("{FAE04EC0-301F-11D3-BF4B-00C04F79EFBC}") = "HackerRank", "HackerRank\src\HackerRank\HackerRank.csproj", "{7122C6FA-5F91-4FE4-BE5A-F9ABCA75D97E}"
EndProject
Project("{FAE04EC0-301F-11D3-BF4B-00C04F79EFBC}") = "HackerRank.UnitTests", "HackerRank\tests\HackerRank.UnitTests\HackerRank.UnitTests.csproj", "{B226221B-D0E4-4B8A-8FCB-13FD18641DC7}"
EndProject
Project("{2150E333-8FDC-42A3-9474-1A3956D46DE8}") = "Theory", "Theory", "{FD7B6160-2569-4170-ABBF-BD55BE84405E}"
	ProjectSection(SolutionItems) = preProject
		Theory\CommonPatterns&Approaches.md = Theory\CommonPatterns&Approaches.md
	EndProjectSection
EndProject
Global
	GlobalSection(SolutionConfigurationPlatforms) = preSolution
		Debug|Any CPU = Debug|Any CPU
		Release|Any CPU = Release|Any CPU
	EndGlobalSection
	GlobalSection(NestedProjects) = preSolution
		{D193EE27-9EE0-4099-8E75-7CA8846A1520} = {1138BDFC-20D0-47EA-86CE-2CD51CE07B76}
		{3C53C3B2-8DEF-4859-B9AF-555B0B288304} = {1138BDFC-20D0-47EA-86CE-2CD51CE07B76}
		{14EA13A5-CAC9-46B5-A837-1D1F01B25754} = {D193EE27-9EE0-4099-8E75-7CA8846A1520}
		{BF7D041D-7F36-4C70-A4DC-E724BC451EED} = {D193EE27-9EE0-4099-8E75-7CA8846A1520}
		{1164337C-C3B8-4012-B0D1-135855BEB4E1} = {3C53C3B2-8DEF-4859-B9AF-555B0B288304}
		{21BDA420-A1BB-4B53-83F2-C85C0C20836A} = {3C53C3B2-8DEF-4859-B9AF-555B0B288304}
		{664A6B73-CA26-4404-95D4-7156D30FDC08} = {3F6688CD-E53F-4A37-9F67-7DD24685721A}
		{DF0B03BA-8B2F-4BF6-B0E4-9B785A20AD82} = {3F6688CD-E53F-4A37-9F67-7DD24685721A}
		{ADFD3B0B-344C-4D2B-A00B-E68E1C4DCF02} = {664A6B73-CA26-4404-95D4-7156D30FDC08}
		{C718C1D3-8C9C-4556-97D0-036910B96148} = {DF0B03BA-8B2F-4BF6-B0E4-9B785A20AD82}
		{39006CDE-833B-4C8D-B4F6-06178DACAD6B} = {124839A7-881C-4FB7-B856-33360EF29F90}
		{1621213C-29B4-4FD5-AB25-0FDC816929D6} = {124839A7-881C-4FB7-B856-33360EF29F90}
		{313156CC-B67A-4612-B855-3511FB9ADA2F} = {DF0B03BA-8B2F-4BF6-B0E4-9B785A20AD82}
		{7122C6FA-5F91-4FE4-BE5A-F9ABCA75D97E} = {D193EE27-9EE0-4099-8E75-7CA8846A1520}
		{B226221B-D0E4-4B8A-8FCB-13FD18641DC7} = {3C53C3B2-8DEF-4859-B9AF-555B0B288304}
	EndGlobalSection
	GlobalSection(ProjectConfigurationPlatforms) = postSolution
		{14EA13A5-CAC9-46B5-A837-1D1F01B25754}.Debug|Any CPU.ActiveCfg = Debug|Any CPU
		{14EA13A5-CAC9-46B5-A837-1D1F01B25754}.Debug|Any CPU.Build.0 = Debug|Any CPU
		{14EA13A5-CAC9-46B5-A837-1D1F01B25754}.Release|Any CPU.ActiveCfg = Release|Any CPU
		{14EA13A5-CAC9-46B5-A837-1D1F01B25754}.Release|Any CPU.Build.0 = Release|Any CPU
		{BF7D041D-7F36-4C70-A4DC-E724BC451EED}.Debug|Any CPU.ActiveCfg = Debug|Any CPU
		{BF7D041D-7F36-4C70-A4DC-E724BC451EED}.Debug|Any CPU.Build.0 = Debug|Any CPU
		{BF7D041D-7F36-4C70-A4DC-E724BC451EED}.Release|Any CPU.ActiveCfg = Release|Any CPU
		{BF7D041D-7F36-4C70-A4DC-E724BC451EED}.Release|Any CPU.Build.0 = Release|Any CPU
		{1164337C-C3B8-4012-B0D1-135855BEB4E1}.Debug|Any CPU.ActiveCfg = Debug|Any CPU
		{1164337C-C3B8-4012-B0D1-135855BEB4E1}.Debug|Any CPU.Build.0 = Debug|Any CPU
		{1164337C-C3B8-4012-B0D1-135855BEB4E1}.Release|Any CPU.ActiveCfg = Release|Any CPU
		{1164337C-C3B8-4012-B0D1-135855BEB4E1}.Release|Any CPU.Build.0 = Release|Any CPU
		{21BDA420-A1BB-4B53-83F2-C85C0C20836A}.Debug|Any CPU.ActiveCfg = Debug|Any CPU
		{21BDA420-A1BB-4B53-83F2-C85C0C20836A}.Debug|Any CPU.Build.0 = Debug|Any CPU
		{21BDA420-A1BB-4B53-83F2-C85C0C20836A}.Release|Any CPU.ActiveCfg = Release|Any CPU
		{21BDA420-A1BB-4B53-83F2-C85C0C20836A}.Release|Any CPU.Build.0 = Release|Any CPU
		{ADFD3B0B-344C-4D2B-A00B-E68E1C4DCF02}.Debug|Any CPU.ActiveCfg = Debug|Any CPU
		{ADFD3B0B-344C-4D2B-A00B-E68E1C4DCF02}.Debug|Any CPU.Build.0 = Debug|Any CPU
		{ADFD3B0B-344C-4D2B-A00B-E68E1C4DCF02}.Release|Any CPU.ActiveCfg = Release|Any CPU
		{ADFD3B0B-344C-4D2B-A00B-E68E1C4DCF02}.Release|Any CPU.Build.0 = Release|Any CPU
		{C718C1D3-8C9C-4556-97D0-036910B96148}.Debug|Any CPU.ActiveCfg = Debug|Any CPU
		{C718C1D3-8C9C-4556-97D0-036910B96148}.Debug|Any CPU.Build.0 = Debug|Any CPU
		{C718C1D3-8C9C-4556-97D0-036910B96148}.Release|Any CPU.ActiveCfg = Release|Any CPU
		{C718C1D3-8C9C-4556-97D0-036910B96148}.Release|Any CPU.Build.0 = Release|Any CPU
		{39006CDE-833B-4C8D-B4F6-06178DACAD6B}.Debug|Any CPU.ActiveCfg = Debug|Any CPU
		{39006CDE-833B-4C8D-B4F6-06178DACAD6B}.Debug|Any CPU.Build.0 = Debug|Any CPU
		{39006CDE-833B-4C8D-B4F6-06178DACAD6B}.Release|Any CPU.ActiveCfg = Release|Any CPU
		{39006CDE-833B-4C8D-B4F6-06178DACAD6B}.Release|Any CPU.Build.0 = Release|Any CPU
		{1621213C-29B4-4FD5-AB25-0FDC816929D6}.Debug|Any CPU.ActiveCfg = Debug|Any CPU
		{1621213C-29B4-4FD5-AB25-0FDC816929D6}.Debug|Any CPU.Build.0 = Debug|Any CPU
		{1621213C-29B4-4FD5-AB25-0FDC816929D6}.Release|Any CPU.ActiveCfg = Release|Any CPU
		{1621213C-29B4-4FD5-AB25-0FDC816929D6}.Release|Any CPU.Build.0 = Release|Any CPU
		{313156CC-B67A-4612-B855-3511FB9ADA2F}.Debug|Any CPU.ActiveCfg = Debug|Any CPU
		{313156CC-B67A-4612-B855-3511FB9ADA2F}.Debug|Any CPU.Build.0 = Debug|Any CPU
		{313156CC-B67A-4612-B855-3511FB9ADA2F}.Release|Any CPU.ActiveCfg = Release|Any CPU
		{313156CC-B67A-4612-B855-3511FB9ADA2F}.Release|Any CPU.Build.0 = Release|Any CPU
		{7122C6FA-5F91-4FE4-BE5A-F9ABCA75D97E}.Debug|Any CPU.ActiveCfg = Debug|Any CPU
		{7122C6FA-5F91-4FE4-BE5A-F9ABCA75D97E}.Debug|Any CPU.Build.0 = Debug|Any CPU
		{7122C6FA-5F91-4FE4-BE5A-F9ABCA75D97E}.Release|Any CPU.ActiveCfg = Release|Any CPU
		{7122C6FA-5F91-4FE4-BE5A-F9ABCA75D97E}.Release|Any CPU.Build.0 = Release|Any CPU
		{B226221B-D0E4-4B8A-8FCB-13FD18641DC7}.Debug|Any CPU.ActiveCfg = Debug|Any CPU
		{B226221B-D0E4-4B8A-8FCB-13FD18641DC7}.Debug|Any CPU.Build.0 = Debug|Any CPU
		{B226221B-D0E4-4B8A-8FCB-13FD18641DC7}.Release|Any CPU.ActiveCfg = Release|Any CPU
		{B226221B-D0E4-4B8A-8FCB-13FD18641DC7}.Release|Any CPU.Build.0 = Release|Any CPU
	EndGlobalSection
EndGlobal
